
Microsoft Visual Studio Solution File, Format Version 12.00
# Visual Studio Version 17
VisualStudioVersion = 17.8.34525.116
MinimumVisualStudioVersion = 10.0.40219.1
Project("{FAE04EC0-301F-11D3-BF4B-00C04F79EFBC}") = "Pharmacy", "Pharmacy.csproj", "{51C86F52-9F6F-473E-99CA-A15BA02CF7F1}"
EndProject
Global
	GlobalSection(SolutionConfigurationPlatforms) = preSolution
		Debug|Any CPU = Debug|Any CPU
		Release|Any CPU = Release|Any CPU
	EndGlobalSection
	GlobalSection(ProjectConfigurationPlatforms) = postSolution
		{51C86F52-9F6F-473E-99CA-A15BA02CF7F1}.Debug|Any CPU.ActiveCfg = Debug|Any CPU
		{51C86F52-9F6F-473E-99CA-A15BA02CF7F1}.Debug|Any CPU.Build.0 = Debug|Any CPU
		{51C86F52-9F6F-473E-99CA-A15BA02CF7F1}.Release|Any CPU.ActiveCfg = Release|Any CPU
		{51C86F52-9F6F-473E-99CA-A15BA02CF7F1}.Release|Any CPU.Build.0 = Release|Any CPU
	EndGlobalSection
	GlobalSection(SolutionProperties) = preSolution
		HideSolutionNode = FALSE
	EndGlobalSection
	GlobalSection(ExtensibilityGlobals) = postSolution
		SolutionGuid = {C64E8BC7-5972-4537-AA7F-18636143DF66}
	EndGlobalSection
EndGlobal
